
Microsoft Visual Studio Solution File, Format Version 12.00
# Visual Studio 15
VisualStudioVersion = 15.0.36001.139
MinimumVisualStudioVersion = 10.0.40219.1
Project("{8BC9CEB8-8B4A-11D0-8D11-00A0C91BC942}") = "Inheritance", "Inheritance\Inheritance.vcxproj", "{00182D88-EFF8-4E44-8DD2-FC72995236E8}"
EndProject
Project("{8BC9CEB8-8B4A-11D0-8D11-00A0C91BC942}") = "Academy", "Academy\Academy.vcxproj", "{7853E57F-C6EF-4CC8-98F3-5EB3ADB0D463}"
EndProject
Project("{8BC9CEB8-8B4A-11D0-8D11-00A0C91BC942}") = "Files", "Files\Files.vcxproj", "{D852FBE5-6D14-42D3-AC7B-81B358BEADF6}"
EndProject
Project("{2150E333-8FDC-42A3-9474-1A3956D46DE8}") = "Solution Items", "Solution Items", "{87BC7DF4-9F4C-44DD-B1DA-6652C98C27DC}"
	ProjectSection(SolutionItems) = preProject
		..\ReadMe.txt = ..\ReadMe.txt
	EndProjectSection
EndProject
Project("{8BC9CEB8-8B4A-11D0-8D11-00A0C91BC942}") = "TheZoo", "TheZoo\TheZoo.vcxproj", "{03D91DCE-0273-4291-A8D1-A0CE9B6C0B23}"
EndProject
Project("{8BC9CEB8-8B4A-11D0-8D11-00A0C91BC942}") = "AbstractGeometry", "AbstractGeometry\AbstractGeometry.vcxproj", "{B48EB431-89A7-46F2-A1D1-EF037AA015E3}"
EndProject
Global
	GlobalSection(SolutionConfigurationPlatforms) = preSolution
		Debug|x64 = Debug|x64
		Debug|x86 = Debug|x86
		Release|x64 = Release|x64
		Release|x86 = Release|x86
	EndGlobalSection
	GlobalSection(ProjectConfigurationPlatforms) = postSolution
		{00182D88-EFF8-4E44-8DD2-FC72995236E8}.Debug|x64.ActiveCfg = Debug|x64
		{00182D88-EFF8-4E44-8DD2-FC72995236E8}.Debug|x64.Build.0 = Debug|x64
		{00182D88-EFF8-4E44-8DD2-FC72995236E8}.Debug|x86.ActiveCfg = Debug|Win32
		{00182D88-EFF8-4E44-8DD2-FC72995236E8}.Debug|x86.Build.0 = Debug|Win32
		{00182D88-EFF8-4E44-8DD2-FC72995236E8}.Release|x64.ActiveCfg = Release|x64
		{00182D88-EFF8-4E44-8DD2-FC72995236E8}.Release|x64.Build.0 = Release|x64
		{00182D88-EFF8-4E44-8DD2-FC72995236E8}.Release|x86.ActiveCfg = Release|Win32
		{00182D88-EFF8-4E44-8DD2-FC72995236E8}.Release|x86.Build.0 = Release|Win32
		{7853E57F-C6EF-4CC8-98F3-5EB3ADB0D463}.Debug|x64.ActiveCfg = Debug|x64
		{7853E57F-C6EF-4CC8-98F3-5EB3ADB0D463}.Debug|x64.Build.0 = Debug|x64
		{7853E57F-C6EF-4CC8-98F3-5EB3ADB0D463}.Debug|x86.ActiveCfg = Debug|Win32
		{7853E57F-C6EF-4CC8-98F3-5EB3ADB0D463}.Debug|x86.Build.0 = Debug|Win32
		{7853E57F-C6EF-4CC8-98F3-5EB3ADB0D463}.Release|x64.ActiveCfg = Release|x64
		{7853E57F-C6EF-4CC8-98F3-5EB3ADB0D463}.Release|x64.Build.0 = Release|x64
		{7853E57F-C6EF-4CC8-98F3-5EB3ADB0D463}.Release|x86.ActiveCfg = Release|Win32
		{7853E57F-C6EF-4CC8-98F3-5EB3ADB0D463}.Release|x86.Build.0 = Release|Win32
		{D852FBE5-6D14-42D3-AC7B-81B358BEADF6}.Debug|x64.ActiveCfg = Debug|x64
		{D852FBE5-6D14-42D3-AC7B-81B358BEADF6}.Debug|x64.Build.0 = Debug|x64
		{D852FBE5-6D14-42D3-AC7B-81B358BEADF6}.Debug|x86.ActiveCfg = Debug|Win32
		{D852FBE5-6D14-42D3-AC7B-81B358BEADF6}.Debug|x86.Build.0 = Debug|Win32
		{D852FBE5-6D14-42D3-AC7B-81B358BEADF6}.Release|x64.ActiveCfg = Release|x64
		{D852FBE5-6D14-42D3-AC7B-81B358BEADF6}.Release|x64.Build.0 = Release|x64
		{D852FBE5-6D14-42D3-AC7B-81B358BEADF6}.Release|x86.ActiveCfg = Release|Win32
		{D852FBE5-6D14-42D3-AC7B-81B358BEADF6}.Release|x86.Build.0 = Release|Win32
		{03D91DCE-0273-4291-A8D1-A0CE9B6C0B23}.Debug|x64.ActiveCfg = Debug|x64
		{03D91DCE-0273-4291-A8D1-A0CE9B6C0B23}.Debug|x64.Build.0 = Debug|x64
		{03D91DCE-0273-4291-A8D1-A0CE9B6C0B23}.Debug|x86.ActiveCfg = Debug|Win32
		{03D91DCE-0273-4291-A8D1-A0CE9B6C0B23}.Debug|x86.Build.0 = Debug|Win32
		{03D91DCE-0273-4291-A8D1-A0CE9B6C0B23}.Release|x64.ActiveCfg = Release|x64
		{03D91DCE-0273-4291-A8D1-A0CE9B6C0B23}.Release|x64.Build.0 = Release|x64
		{03D91DCE-0273-4291-A8D1-A0CE9B6C0B23}.Release|x86.ActiveCfg = Release|Win32
		{03D91DCE-0273-4291-A8D1-A0CE9B6C0B23}.Release|x86.Build.0 = Release|Win32
		{B48EB431-89A7-46F2-A1D1-EF037AA015E3}.Debug|x64.ActiveCfg = Debug|x64
		{B48EB431-89A7-46F2-A1D1-EF037AA015E3}.Debug|x64.Build.0 = Debug|x64
		{B48EB431-89A7-46F2-A1D1-EF037AA015E3}.Debug|x86.ActiveCfg = Debug|Win32
		{B48EB431-89A7-46F2-A1D1-EF037AA015E3}.Debug|x86.Build.0 = Debug|Win32
		{B48EB431-89A7-46F2-A1D1-EF037AA015E3}.Release|x64.ActiveCfg = Release|x64
		{B48EB431-89A7-46F2-A1D1-EF037AA015E3}.Release|x64.Build.0 = Release|x64
		{B48EB431-89A7-46F2-A1D1-EF037AA015E3}.Release|x86.ActiveCfg = Release|Win32
		{B48EB431-89A7-46F2-A1D1-EF037AA015E3}.Release|x86.Build.0 = Release|Win32
	EndGlobalSection
	GlobalSection(SolutionProperties) = preSolution
		HideSolutionNode = FALSE
	EndGlobalSection
	GlobalSection(ExtensibilityGlobals) = postSolution
		SolutionGuid = {4BD48414-D877-4BCA-9692-2052832CAE29}
	EndGlobalSection
EndGlobal
